
Microsoft Visual Studio Solution File, Format Version 12.00
# Visual Studio 15
VisualStudioVersion = 15.0.28307.421
MinimumVisualStudioVersion = 10.0.40219.1
Project("{8BC9CEB8-8B4A-11D0-8D11-00A0C91BC942}") = "Test", "Test\Test.vcxproj", "{76354095-9695-4A69-B08D-F36F76B7338E}"
EndProject
Global
	GlobalSection(SolutionConfigurationPlatforms) = preSolution
		Debug|x64 = Debug|x64
		Debug|x86 = Debug|x86
		Release|x64 = Release|x64
		Release|x86 = Release|x86
	EndGlobalSection
	GlobalSection(ProjectConfigurationPlatforms) = postSolution
		{76354095-9695-4A69-B08D-F36F76B7338E}.Debug|x64.ActiveCfg = Debug|x64
		{76354095-9695-4A69-B08D-F36F76B7338E}.Debug|x64.Build.0 = Debug|x64
		{76354095-9695-4A69-B08D-F36F76B7338E}.Debug|x86.ActiveCfg = Debug|Win32
		{76354095-9695-4A69-B08D-F36F76B7338E}.Debug|x86.Build.0 = Debug|Win32
		{76354095-9695-4A69-B08D-F36F76B7338E}.Release|x64.ActiveCfg = Release|x64
		{76354095-9695-4A69-B08D-F36F76B7338E}.Release|x64.Build.0 = Release|x64
		{76354095-9695-4A69-B08D-F36F76B7338E}.Release|x86.ActiveCfg = Release|Win32
		{76354095-9695-4A69-B08D-F36F76B7338E}.Release|x86.Build.0 = Release|Win32
	EndGlobalSection
	GlobalSection(SolutionProperties) = preSolution
		HideSolutionNode = FALSE
	EndGlobalSection
	GlobalSection(ExtensibilityGlobals) = postSolution
		SolutionGuid = {93F2C7B6-A932-4123-9B38-AF9BF5F92813}
	EndGlobalSection
EndGlobal
